{
    "_readme": [
        "This file locks the dependencies of your project to a known state",
        "Read more about it at https://getcomposer.org/doc/01-basic-usage.md#composer-lock-the-lock-file",
        "This file is @generated automatically"
    ],
    "hash": "20a441d7ef6b7ff88b0d1a5980e3beb5",
    "content-hash": "b5d80bafe4747e265d64dc55de217d24",
    "packages": [
        {
            "name": "league/plates",
            "version": "3.3.0",
            "source": {
                "type": "git",
                "url": "https://github.com/thephpleague/plates.git",
                "reference": "b1684b6f127714497a0ef927ce42c0b44b45a8af"
            },
            "dist": {
                "type": "zip",
                "url": "https://api.github.com/repos/thephpleague/plates/zipball/b1684b6f127714497a0ef927ce42c0b44b45a8af",
                "reference": "b1684b6f127714497a0ef927ce42c0b44b45a8af",
                "shasum": ""
            },
            "require": {
                "php": "^5.3 | ^7.0"
            },
            "require-dev": {
                "mikey179/vfsstream": "^1.4",
                "phpunit/phpunit": "~4.0",
                "squizlabs/php_codesniffer": "~1.5"
            },
            "type": "library",
            "extra": {
                "branch-alias": {
                    "dev-master": "3.0-dev"
                }
            },
            "autoload": {
                "psr-4": {
                    "League\\Plates\\": "src"
                }
            },
            "notification-url": "https://packagist.org/downloads/",
            "license": [
                "MIT"
            ],
            "authors": [
                {
                    "name": "Jonathan Reinink",
                    "email": "jonathan@reinink.ca",
                    "role": "Developer"
                }
            ],
            "description": "Plates, the native PHP template system that's fast, easy to use and easy to extend.",
            "homepage": "http://platesphp.com",
            "keywords": [
                "league",
                "package",
                "templates",
                "templating",
                "views"
            ],
            "time": "2016-12-28 00:14:17"
        },
        {
            "name": "mexitek/phpcolors",
            "version": "v0.4",
            "source": {
                "type": "git",
                "url": "https://github.com/mexitek/phpColors.git",
                "reference": "89bf30473a68dc8845e46e9db3e536b969e18c11"
            },
            "dist": {
                "type": "zip",
                "url": "https://api.github.com/repos/mexitek/phpColors/zipball/89bf30473a68dc8845e46e9db3e536b969e18c11",
                "reference": "89bf30473a68dc8845e46e9db3e536b969e18c11",
                "shasum": ""
            },
            "require": {
                "php": ">=5.3.0"
            },
            "type": "library",
            "autoload": {
                "classmap": [
                    "src"
                ]
            },
            "notification-url": "https://packagist.org/downloads/",
            "license": [
                "MIT"
            ],
            "authors": [
                {
                    "name": "Arlo Carreon",
                    "homepage": "http://arlocarreon.com",
                    "role": "creator"
                }
            ],
            "description": "A series of methods that let you manipulate colors. Just incase you ever need different shades of one color on the fly.",
            "homepage": "http://mexitek.github.com/phpColors/",
            "keywords": [
                "color",
                "css",
                "design",
                "frontend",
                "ui"
            ],
            "time": "2015-09-09 15:43:06"
        },
        {
            "name": "proteusthemes/edd-theme-updater",
            "version": "v0.2.1",
            "source": {
                "type": "git",
                "url": "https://github.com/proteusthemes/edd-theme-updater.git",
                "reference": "2ea8593cac6b1a1bb114c22f731f554dc54aa594"
            },
            "dist": {
                "type": "zip",
                "url": "https://api.github.com/repos/proteusthemes/edd-theme-updater/zipball/2ea8593cac6b1a1bb114c22f731f554dc54aa594",
                "reference": "2ea8593cac6b1a1bb114c22f731f554dc54aa594",
                "shasum": ""
            },
            "type": "library",
            "autoload": {
                "psr-4": {
                    "ProteusThemes\\EDDThemeUpdater\\": "src/"
                }
            },
            "notification-url": "https://packagist.org/downloads/",
            "license": [
                "GPL-2.0+"
            ],
            "authors": [
                {
                    "name": "Primoz Cigler",
                    "email": "primoz@proteusnet.com"
                },
                {
                    "name": "Gregor Capuder",
                    "email": "gregor.capuder@proteusnet.com"
                },
                {
                    "name": "Marko Prelec",
                    "email": "marko.prelec@proteusnet.com"
                }
            ],
            "description": "Used for activating the theme and offering automatic updates to the users via the EDD shop.",
            "keywords": [
                "edd",
                "proteusthemes",
                "theme",
                "updates",
                "wordpress",
                "wp"
            ],
            "time": "2016-11-23 14:11:10"
        },
        {
            "name": "proteusthemes/proteuswidgets",
            "version": "v3.7.2",
            "source": {
                "type": "git",
                "url": "https://github.com/proteusthemes/ProteusWidgets.git",
                "reference": "dd5184acb38d03920a58c115a3f879d0a8509415"
            },
            "dist": {
                "type": "zip",
                "url": "https://api.github.com/repos/proteusthemes/ProteusWidgets/zipball/dd5184acb38d03920a58c115a3f879d0a8509415",
                "reference": "dd5184acb38d03920a58c115a3f879d0a8509415",
                "shasum": ""
            },
            "require": {
                "league/plates": "^3.1.1"
            },
            "type": "library",
            "autoload": {
                "classmap": [
                    "widgets/",
                    "inc/",
                    "proteuswidgets.php"
                ]
            },
            "notification-url": "https://packagist.org/downloads/",
            "license": [
                "GPL-2.0+"
            ],
            "description": "WordPress widgets used in ProtuesThemes.",
            "time": "2016-10-17 05:32:16"
        },
        {
            "name": "proteusthemes/sticky-menu",
            "version": "v1.2.2",
            "source": {
                "type": "git",
                "url": "https://github.com/proteusthemes/sticky-menu.git",
                "reference": "f2afd4bc07c3127e3e2ea88d025f37cd1a842a43"
            },
            "dist": {
                "type": "zip",
                "url": "https://api.github.com/repos/proteusthemes/sticky-menu/zipball/f2afd4bc07c3127e3e2ea88d025f37cd1a842a43",
                "reference": "f2afd4bc07c3127e3e2ea88d025f37cd1a842a43",
                "shasum": ""
            },
            "require": {
                "proteusthemes/wp-customizer-utilities": "^2.3"
            },
            "type": "library",
            "autoload": {
                "psr-4": {
                    "ProteusThemes\\StickyMenu\\": "src/"
                }
            },
            "notification-url": "https://packagist.org/downloads/",
            "license": [
                "GPL-2.0+"
            ],
            "authors": [
                {
                    "name": "Primoz Cigler",
                    "email": "primoz@proteusnet.com"
                },
                {
                    "name": "Gregor Capuder",
                    "email": "gregor.capuder@proteusnet.com"
                },
                {
                    "name": "Marko Prelec",
                    "email": "marko.prelec@proteusnet.com"
                }
            ],
            "description": "Sticky menu PHP composer package for all newer PT themes.",
            "keywords": [
                "customizer",
                "menu",
                "proteusthemes",
                "sticky",
                "theme",
                "wordpress",
                "wp"
            ],
            "time": "2016-11-28 12:24:31"
        },
        {
            "name": "proteusthemes/wai-aria-walker-nav-menu",
            "version": "v1.2.1",
            "source": {
                "type": "git",
                "url": "https://github.com/proteusthemes/WAI-ARIA-Walker_Nav_Menu.git",
                "reference": "094b11d8e77143e29f337d128f892f15bab3ef92"
            },
            "dist": {
                "type": "zip",
                "url": "https://api.github.com/repos/proteusthemes/WAI-ARIA-Walker_Nav_Menu/zipball/094b11d8e77143e29f337d128f892f15bab3ef92",
                "reference": "094b11d8e77143e29f337d128f892f15bab3ef92",
                "shasum": ""
            },
            "type": "library",
            "autoload": {
                "classmap": [
                    "aria-walker-nav-menu.php"
                ]
            },
            "notification-url": "https://packagist.org/downloads/",
            "license": [
                "GPLv2"
            ],
            "authors": [
                {
                    "name": "Primoz Cigler",
                    "email": "primoz@proteusnet.com"
                },
                {
                    "name": "Marko Prelec",
                    "email": "marko.prelec@proteusnet.com"
                }
            ],
            "description": "WordPress menu walker which adds appropriate WIA-ARIA roles to dropdown menus.",
            "time": "2016-05-18 18:48:49"
        },
        {
            "name": "proteusthemes/wp-customizer-utilities",
            "version": "v2.3.0",
            "source": {
                "type": "git",
                "url": "https://github.com/proteusthemes/wp-customizer-utilities.git",
                "reference": "5c2935e142ed0d30695eab2a78436974f391f4a1"
            },
            "dist": {
                "type": "zip",
                "url": "https://api.github.com/repos/proteusthemes/wp-customizer-utilities/zipball/5c2935e142ed0d30695eab2a78436974f391f4a1",
                "reference": "5c2935e142ed0d30695eab2a78436974f391f4a1",
                "shasum": ""
            },
            "require": {
                "mexitek/phpcolors": "^0.4.0"
            },
            "type": "library",
            "autoload": {
                "psr-4": {
                    "ProteusThemes\\CustomizerUtils\\": "src/"
                }
            },
            "notification-url": "https://packagist.org/downloads/",
            "license": [
                "GPL-2.0+"
            ],
            "authors": [
                {
                    "name": "Primoz Cigler",
                    "email": "primoz@proteusnet.com"
                },
                {
                    "name": "Gregor Capuder",
                    "email": "gregor.capuder@proteusnet.com"
                }
            ],
            "description": "Advanced WordPress customizer controls and settings for better user experience.",
            "keywords": [
                "control",
                "customizer",
                "proteusthemes",
                "theme",
                "wordpress",
                "wp"
            ],
            "time": "2016-07-08 10:11:23"
        },
        {
            "name": "tgmpa/tgm-plugin-activation",
            "version": "2.6.1",
            "source": {
                "type": "git",
                "url": "https://github.com/TGMPA/TGM-Plugin-Activation.git",
                "reference": "c626d0d91fc8ef24916e809c7b79eeafab1c1cac"
            },
            "dist": {
                "type": "zip",
                "url": "https://api.github.com/repos/TGMPA/TGM-Plugin-Activation/zipball/c626d0d91fc8ef24916e809c7b79eeafab1c1cac",
                "reference": "c626d0d91fc8ef24916e809c7b79eeafab1c1cac",
                "shasum": ""
            },
            "require": {
                "php": ">=5.2"
            },
            "type": "library",
            "autoload": {
                "files": [
                    "class-tgm-plugin-activation.php"
                ]
            },
            "notification-url": "https://packagist.org/downloads/",
            "license": [
                "GPL-2.0+"
            ],
            "authors": [
                {
                    "name": "Thomas Griffin",
                    "homepage": "http://thomasgriffinmedia.com",
                    "role": "Developer"
                },
                {
                    "name": "Gary Jones",
                    "homepage": "https://github.com/GaryJones",
                    "role": "Developer"
                },
                {
                    "name": "Juliette Reinders Folmer",
                    "homepage": "https://github.com/jrfnl",
                    "role": "Developer"
                }
            ],
            "description": "TGM Plugin Activation is a PHP library that allows you to easily require or recommend plugins for your WordPress themes (and plugins).",
            "homepage": "http://tgmpluginactivation.com",
            "keywords": [
                "activation",
                "library",
                "plugins",
                "theme",
                "wordpress"
            ],
            "time": "2016-05-19 15:46:51"
        }
    ],
    "packages-dev": [],
    "aliases": [],
    "minimum-stability": "stable",
    "stability-flags": [],
    "prefer-stable": false,
    "prefer-lowest": false,
    "platform": [],
    "platform-dev": []
}
